
Microsoft Visual Studio Solution File, Format Version 12.00
# Visual Studio Version 17
VisualStudioVersion = 17.7.34221.43
MinimumVisualStudioVersion = 10.0.40219.1
Project("{FAE04EC0-301F-11D3-BF4B-00C04F79EFBC}") = "HangmanDELL.API", "HangmanDELL.API\HangmanDELL.API.csproj", "{616CE26A-62B2-434F-9F3C-22A6CA090E96}"
EndProject
Project("{2150E333-8FDC-42A3-9474-1A3956D46DE8}") = "Tests", "Tests", "{57BAC477-B369-495B-BF68-5E463CAA686C}"
EndProject
Project("{FAE04EC0-301F-11D3-BF4B-00C04F79EFBC}") = "UnitTests", "UnitTests\UnitTests.csproj", "{3D5AA24A-8EE2-47D5-9350-50EEDBCEF52F}"
EndProject
Global
	GlobalSection(SolutionConfigurationPlatforms) = preSolution
		Debug|Any CPU = Debug|Any CPU
		Release|Any CPU = Release|Any CPU
	EndGlobalSection
	GlobalSection(ProjectConfigurationPlatforms) = postSolution
		{616CE26A-62B2-434F-9F3C-22A6CA090E96}.Debug|Any CPU.ActiveCfg = Debug|Any CPU
		{616CE26A-62B2-434F-9F3C-22A6CA090E96}.Debug|Any CPU.Build.0 = Debug|Any CPU
		{616CE26A-62B2-434F-9F3C-22A6CA090E96}.Release|Any CPU.ActiveCfg = Release|Any CPU
		{616CE26A-62B2-434F-9F3C-22A6CA090E96}.Release|Any CPU.Build.0 = Release|Any CPU
		{3D5AA24A-8EE2-47D5-9350-50EEDBCEF52F}.Debug|Any CPU.ActiveCfg = Debug|Any CPU
		{3D5AA24A-8EE2-47D5-9350-50EEDBCEF52F}.Debug|Any CPU.Build.0 = Debug|Any CPU
		{3D5AA24A-8EE2-47D5-9350-50EEDBCEF52F}.Release|Any CPU.ActiveCfg = Release|Any CPU
		{3D5AA24A-8EE2-47D5-9350-50EEDBCEF52F}.Release|Any CPU.Build.0 = Release|Any CPU
	EndGlobalSection
	GlobalSection(SolutionProperties) = preSolution
		HideSolutionNode = FALSE
	EndGlobalSection
	GlobalSection(NestedProjects) = preSolution
		{3D5AA24A-8EE2-47D5-9350-50EEDBCEF52F} = {57BAC477-B369-495B-BF68-5E463CAA686C}
	EndGlobalSection
	GlobalSection(ExtensibilityGlobals) = postSolution
		SolutionGuid = {C8AAE6F2-0687-4E22-B5E9-69BE1E2FFC2A}
	EndGlobalSection
EndGlobal
